
Microsoft Visual Studio Solution File, Format Version 12.00
# Visual Studio Version 16
VisualStudioVersion = 16.0.33328.57
MinimumVisualStudioVersion = 10.0.40219.1
Project("{FAE04EC0-301F-11D3-BF4B-00C04F79EFBC}") = "ConsoleApp1", "ConsoleApp1\ConsoleApp1.csproj", "{B697294A-2DD9-45A6-BEAC-AB59A20B9959}"
EndProject
Project("{FAE04EC0-301F-11D3-BF4B-00C04F79EFBC}") = "ConsoleApp2", "ConsoleApp2\ConsoleApp2.csproj", "{C4221368-D352-4685-B793-9135DEC32C2F}"
EndProject
Project("{FAE04EC0-301F-11D3-BF4B-00C04F79EFBC}") = "ConsoleApp3", "ConsoleApp3\ConsoleApp3.csproj", "{4104E2B2-CFBD-46D0-BF3C-D4317A1A29B9}"
EndProject
Project("{FAE04EC0-301F-11D3-BF4B-00C04F79EFBC}") = "ConsoleApp4", "ConsoleApp4\ConsoleApp4.csproj", "{AE728B82-147A-4A7C-87FD-07BA746EA10B}"
EndProject
Project("{FAE04EC0-301F-11D3-BF4B-00C04F79EFBC}") = "ConsoleApp5", "ConsoleApp5\ConsoleApp5.csproj", "{FE1DBFBE-1BA6-4AAF-9119-4FC2F4E22E60}"
EndProject
Global
	GlobalSection(SolutionConfigurationPlatforms) = preSolution
		Debug|Any CPU = Debug|Any CPU
		Release|Any CPU = Release|Any CPU
	EndGlobalSection
	GlobalSection(ProjectConfigurationPlatforms) = postSolution
		{B697294A-2DD9-45A6-BEAC-AB59A20B9959}.Debug|Any CPU.ActiveCfg = Debug|Any CPU
		{B697294A-2DD9-45A6-BEAC-AB59A20B9959}.Debug|Any CPU.Build.0 = Debug|Any CPU
		{B697294A-2DD9-45A6-BEAC-AB59A20B9959}.Release|Any CPU.ActiveCfg = Release|Any CPU
		{B697294A-2DD9-45A6-BEAC-AB59A20B9959}.Release|Any CPU.Build.0 = Release|Any CPU
		{C4221368-D352-4685-B793-9135DEC32C2F}.Debug|Any CPU.ActiveCfg = Debug|Any CPU
		{C4221368-D352-4685-B793-9135DEC32C2F}.Debug|Any CPU.Build.0 = Debug|Any CPU
		{C4221368-D352-4685-B793-9135DEC32C2F}.Release|Any CPU.ActiveCfg = Release|Any CPU
		{C4221368-D352-4685-B793-9135DEC32C2F}.Release|Any CPU.Build.0 = Release|Any CPU
		{4104E2B2-CFBD-46D0-BF3C-D4317A1A29B9}.Debug|Any CPU.ActiveCfg = Debug|Any CPU
		{4104E2B2-CFBD-46D0-BF3C-D4317A1A29B9}.Debug|Any CPU.Build.0 = Debug|Any CPU
		{4104E2B2-CFBD-46D0-BF3C-D4317A1A29B9}.Release|Any CPU.ActiveCfg = Release|Any CPU
		{4104E2B2-CFBD-46D0-BF3C-D4317A1A29B9}.Release|Any CPU.Build.0 = Release|Any CPU
		{AE728B82-147A-4A7C-87FD-07BA746EA10B}.Debug|Any CPU.ActiveCfg = Debug|Any CPU
		{AE728B82-147A-4A7C-87FD-07BA746EA10B}.Debug|Any CPU.Build.0 = Debug|Any CPU
		{AE728B82-147A-4A7C-87FD-07BA746EA10B}.Release|Any CPU.ActiveCfg = Release|Any CPU
		{AE728B82-147A-4A7C-87FD-07BA746EA10B}.Release|Any CPU.Build.0 = Release|Any CPU
		{FE1DBFBE-1BA6-4AAF-9119-4FC2F4E22E60}.Debug|Any CPU.ActiveCfg = Debug|Any CPU
		{FE1DBFBE-1BA6-4AAF-9119-4FC2F4E22E60}.Debug|Any CPU.Build.0 = Debug|Any CPU
		{FE1DBFBE-1BA6-4AAF-9119-4FC2F4E22E60}.Release|Any CPU.ActiveCfg = Release|Any CPU
		{FE1DBFBE-1BA6-4AAF-9119-4FC2F4E22E60}.Release|Any CPU.Build.0 = Release|Any CPU
	EndGlobalSection
	GlobalSection(SolutionProperties) = preSolution
		HideSolutionNode = FALSE
	EndGlobalSection
	GlobalSection(ExtensibilityGlobals) = postSolution
		SolutionGuid = {58C61A73-BF1F-4908-90B4-0AE91D8B7059}
	EndGlobalSection
EndGlobal
